{
  "nodes": {
    "ds4music": {
      "inputs": {
        "ds4music-src": "ds4music-src",
        "nixpkgs": "nixpkgs"
      },
      "locked": {
        "lastModified": 1780235832,
        "narHash": "sha256-aHI6AEujbuAb8PUZP3zIgfceSwtn1GEpbCEgaP+tz14=",
        "ref": "main",
        "rev": "d04234591ba6f550f2b0d7da37607e1022c064ce",
        "revCount": 16,
        "submodules": true,
        "type": "git",
        "url": "ssh://git@github.com/manushanga/ds4music.git"
      },
      "original": {
        "ref": "main",
        "submodules": true,
        "type": "git",
        "url": "ssh://git@github.com/manushanga/ds4music.git"
      }
    },
    "ds4music-src": {
      "flake": false,
      "locked": {
        "lastModified": 1780228840,
        "narHash": "sha256-yMH8fQ1cf8y2QACF5lR9SELtA8/VzVTDJ69K4Rpyqpw=",
        "ref": "master",
        "rev": "77fa687a79d35fdf5093727e8cc7e10cf580f773",
        "revCount": 15,
        "submodules": true,
        "type": "git",
        "url": "ssh://git@github.com/manushanga/ds4music.git"
      },
      "original": {
        "ref": "master",
        "rev": "77fa687a79d35fdf5093727e8cc7e10cf580f773",
        "submodules": true,
        "type": "git",
        "url": "ssh://git@github.com/manushanga/ds4music.git"
      }
    },
    "home-manager": {
      "inputs": {
        "nixpkgs": [
          "nixpkgs"
        ]
      },
      "locked": {
        "lastModified": 1779506708,
        "narHash": "sha256-QOD/CNm196nCJRheux/URi4/HE66fthdOMqCJoPP1Y0=",
        "owner": "nix-community",
        "repo": "home-manager",
        "rev": "3ee51fbdac8c8bdfe1e7e1fcaba6520a563f394f",
        "type": "github"
      },
      "original": {
        "owner": "nix-community",
        "ref": "release-25.11",
        "repo": "home-manager",
        "type": "github"
      }
    },
    "nixpkgs": {
      "locked": {
        "lastModified": 1779796641,
        "narHash": "sha256-ZsIrKmhp4vbBXoXXmR/tBXA/UCsAQiJL9vsgZEduhVY=",
        "owner": "NixOS",
        "repo": "nixpkgs",
        "rev": "25f538306313eae3927264466c70d7001dcea1df",
        "type": "github"
      },
      "original": {
        "owner": "NixOS",
        "ref": "nixos-25.11",
        "repo": "nixpkgs",
        "type": "github"
      }
    },
    "nixpkgs_2": {
      "locked": {
        "lastModified": 1782847189,
        "narHash": "sha256-twXPFqFsrrY5r28Zh7Homgcp2gUMBgQ6WDS98Q/3xFI=",
        "owner": "NixOS",
        "repo": "nixpkgs",
        "rev": "b6018f87da91d19d0ab4cf979885689b469cdd41",
        "type": "github"
      },
      "original": {
        "owner": "NixOS",
        "ref": "nixos-25.11",
        "repo": "nixpkgs",
        "type": "github"
      }
    },
    "nixpkgs_3": {
      "locked": {
        "lastModified": 1782847189,
        "narHash": "sha256-twXPFqFsrrY5r28Zh7Homgcp2gUMBgQ6WDS98Q/3xFI=",
        "owner": "NixOS",
        "repo": "nixpkgs",
        "rev": "b6018f87da91d19d0ab4cf979885689b469cdd41",
        "type": "github"
      },
      "original": {
        "owner": "NixOS",
        "ref": "nixos-25.11",
        "repo": "nixpkgs",
        "type": "github"
      }
    },
    "root": {
      "inputs": {
        "ds4music": "ds4music",
        "home-manager": "home-manager",
        "nixpkgs": "nixpkgs_2",
        "shoppingList": "shoppingList"
      }
    },
    "shoppingList": {
      "inputs": {
        "nixpkgs": "nixpkgs_3",
        "shoppinglist-src": "shoppinglist-src"
      },
      "locked": {
        "lastModified": 1783233498,
        "narHash": "sha256-BbCHM1LLPRNXSANl+05JcfdfkzKiheiCKpySrJpdpQs=",
        "ref": "main",
        "rev": "8fcc5f8fd6174e7459cc5b303ac57248d7176a83",
        "revCount": 23,
        "submodules": true,
        "type": "git",
        "url": "ssh://git@github.com/manushanga/shoppinglist.git"
      },
      "original": {
        "ref": "main",
        "submodules": true,
        "type": "git",
        "url": "ssh://git@github.com/manushanga/shoppinglist.git"
      }
    },
    "shoppinglist-src": {
      "flake": false,
      "locked": {
        "lastModified": 1783232406,
        "narHash": "sha256-DT8J3YTaNof06qgcZ79HVgDpnRjUbvwcLJasjymSDOc=",
        "ref": "refs/heads/main",
        "rev": "689e98515f17ba73687c4265affee30375cd3191",
        "revCount": 22,
        "type": "git",
        "url": "ssh://git@github.com/manushanga/shoppinglist.git"
      },
      "original": {
        "rev": "689e98515f17ba73687c4265affee30375cd3191",
        "type": "git",
        "url": "ssh://git@github.com/manushanga/shoppinglist.git"
      }
    }
  },
  "root": "root",
  "version": 7
}
